// !$*UTF8*$!
{
	archiveVersion = 1;
	classes = {
	};
	objectVersion = 46;
	objects = {

/* Begin PBXBuildFile section */
		D00307441A0EB13C0049E621 /* CustomTableViewCell.xib in Resources */ = {isa = PBXBuildFile; fileRef = D00307431A0EB13C0049E621 /* CustomTableViewCell.xib */; };
		D07D19E31A0E7A76006B36CC /* AppDelegate.swift in Sources */ = {isa = PBXBuildFile; fileRef = D07D19E21A0E7A76006B36CC /* AppDelegate.swift */; };
		D07D19E51A0E7A76006B36CC /* ViewController.swift in Sources */ = {isa = PBXBuildFile; fileRef = D07D19E41A0E7A76006B36CC /* ViewController.swift */; };
		D07D19E81A0E7A76006B36CC /* Main.storyboard in Resources */ = {isa = PBXBuildFile; fileRef = D07D19E61A0E7A76006B36CC /* Main.storyboard */; };
		D07D19EA1A0E7A76006B36CC /* Images.xcassets in Resources */ = {isa = PBXBuildFile; fileRef = D07D19E91A0E7A76006B36CC /* Images.xcassets */; };
		D07D19ED1A0E7A76006B36CC /* LaunchScreen.xib in Resources */ = {isa = PBXBuildFile; fileRef = D07D19EB1A0E7A76006B36CC /* LaunchScreen.xib */; };
		D07D19F91A0E7A76006B36CC /* ezTouchTests.swift in Sources */ = {isa = PBXBuildFile; fileRef = D07D19F81A0E7A76006B36CC /* ezTouchTests.swift */; };
/* End PBXBuildFile section */

/* Begin PBXContainerItemProxy section */
		D07D19F31A0E7A76006B36CC /* PBXContainerItemProxy */ = {
			isa = PBXContainerItemProxy;
			containerPortal = D07D19D51A0E7A76006B36CC /* Project object */;
			proxyType = 1;
			remoteGlobalIDString = D07D19DC1A0E7A76006B36CC;
			remoteInfo = ezTouch;
		};
/* End PBXContainerItemProxy section */

/* Begin PBXFileReference section */
		D00307431A0EB13C0049E621 /* CustomTableViewCell.xib */ = {isa = PBXFileReference; fileEncoding = 4; lastKnownFileType = file.xib; path = CustomTableViewCell.xib; sourceTree = "<group>"; };
		D07D19DD1A0E7A76006B36CC /* ezTouch.app */ = {isa = PBXFileReference; explicitFileType = wrapper.application; includeInIndex = 0; path = ezTouch.app; sourceTree = BUILT_PRODUCTS_DIR; };
		D07D19E11A0E7A76006B36CC /* Info.plist */ = {isa = PBXFileReference; lastKnownFileType = text.plist.xml; path = Info.plist; sourceTree = "<group>"; };
		D07D19E21A0E7A76006B36CC /* AppDelegate.swift */ = {isa = PBXFileReference; lastKnownFileType = sourcecode.swift; path = AppDelegate.swift; sourceTree = "<group>"; };
		D07D19E41A0E7A76006B36CC /* ViewController.swift */ = {isa = PBXFileReference; lastKnownFileType = sourcecode.swift; path = ViewController.swift; sourceTree = "<group>"; };
		D07D19E71A0E7A76006B36CC /* Base */ = {isa = PBXFileReference; lastKnownFileType = file.storyboard; name = Base; path = Base.lproj/Main.storyboard; sourceTree = "<group>"; };
		D07D19E91A0E7A76006B36CC /* Images.xcassets */ = {isa = PBXFileReference; lastKnownFileType = folder.assetcatalog; path = Images.xcassets; sourceTree = "<group>"; };
		D07D19EC1A0E7A76006B36CC /* Base */ = {isa = PBXFileReference; lastKnownFileType = file.xib; name = Base; path = Base.lproj/LaunchScreen.xib; sourceTree = "<group>"; };
		D07D19F21A0E7A76006B36CC /* ezTouchTests.xctest */ = {isa = PBXFileReference; explicitFileType = wrapper.cfbundle; includeInIndex = 0; path = ezTouchTests.xctest; sourceTree = BUILT_PRODUCTS_DIR; };
		D07D19F71A0E7A76006B36CC /* Info.plist */ = {isa = PBXFileReference; lastKnownFileType = text.plist.xml; path = Info.plist; sourceTree = "<group>"; };
		D07D19F81A0E7A76006B36CC /* ezTouchTests.swift */ = {isa = PBXFileReference; lastKnownFileType = sourcecode.swift; path = ezTouchTests.swift; sourceTree = "<group>"; };
/* End PBXFileReference section */

/* Begin PBXFrameworksBuildPhase section */
		D07D19DA1A0E7A76006B36CC /* Frameworks */ = {
			isa = PBXFrameworksBuildPhase;
			buildActionMask = 2147483647;
			files = (
			);
			runOnlyForDeploymentPostprocessing = 0;
		};
		D07D19EF1A0E7A76006B36CC /* Frameworks */ = {
			isa = PBXFrameworksBuildPhase;
			buildActionMask = 2147483647;
			files = (
			);
			runOnlyForDeploymentPostprocessing = 0;
		};
/* End PBXFrameworksBuildPhase section */

/* Begin PBXGroup section */
		D07D19D41A0E7A76006B36CC = {
			isa = PBXGroup;
			children = (
				D07D19DF1A0E7A76006B36CC /* ezTouch */,
				D07D19F51A0E7A76006B36CC /* ezTouchTests */,
				D07D19DE1A0E7A76006B36CC /* Products */,
			);
			sourceTree = "<group>";
		};
		D07D19DE1A0E7A76006B36CC /* Products */ = {
			isa = PBXGroup;
			children = (
				D07D19DD1A0E7A76006B36CC /* ezTouch.app */,
				D07D19F21A0E7A76006B36CC /* ezTouchTests.xctest */,
			);
			name = Products;
			sourceTree = "<group>";
		};
		D07D19DF1A0E7A76006B36CC /* ezTouch */ = {
			isa = PBXGroup;
			children = (
				D07D19E21A0E7A76006B36CC /* AppDelegate.swift */,
				D07D19E41A0E7A76006B36CC /* ViewController.swift */,
				D07D19E61A0E7A76006B36CC /* Main.storyboard */,
				D07D19E91A0E7A76006B36CC /* Images.xcassets */,
				D07D19EB1A0E7A76006B36CC /* LaunchScreen.xib */,
				D07D19E01A0E7A76006B36CC /* Supporting Files */,
				D00307431A0EB13C0049E621 /* CustomTableViewCell.xib */,
			);
			path = ezTouch;
			sourceTree = "<group>";
		};
		D07D19E01A0E7A76006B36CC /* Supporting Files */ = {
			isa = PBXGroup;
			children = (
				D07D19E11A0E7A76006B36CC /* Info.plist */,
			);
			name = "Supporting Files";
			sourceTree = "<group>";
		};
		D07D19F51A0E7A76006B36CC /* ezTouchTests */ = {
			isa = PBXGroup;
			children = (
				D07D19F81A0E7A76006B36CC /* ezTouchTests.swift */,
				D07D19F61A0E7A76006B36CC /* Supporting Files */,
			);
			path = ezTouchTests;
			sourceTree = "<group>";
		};
		D07D19F61A0E7A76006B36CC /* Supporting Files */ = {
			isa = PBXGroup;
			children = (
				D07D19F71A0E7A76006B36CC /* Info.plist */,
			);
			name = "Supporting Files";
			sourceTree = "<group>";
		};
/* End PBXGroup section */

/* Begin PBXNativeTarget section */
		D07D19DC1A0E7A76006B36CC /* ezTouch */ = {
			isa = PBXNativeTarget;
			buildConfigurationList = D07D19FC1A0E7A76006B36CC /* Build configuration list for PBXNativeTarget "ezTouch" */;
			buildPhases = (
				D07D19D91A0E7A76006B36CC /* Sources */,
				D07D19DA1A0E7A76006B36CC /* Frameworks */,
				D07D19DB1A0E7A76006B36CC /* Resources */,
			);
			buildRules = (
			);
			dependencies = (
			);
			name = ezTouch;
			productName = ezTouch;
			productReference = D07D19DD1A0E7A76006B36CC /* ezTouch.app */;
			productType = "com.apple.product-type.application";
		};
		D07D19F11A0E7A76006B36CC /* ezTouchTests */ = {
			isa = PBXNativeTarget;
			buildConfigurationList = D07D19FF1A0E7A76006B36CC /* Build configuration list for PBXNativeTarget "ezTouchTests" */;
			buildPhases = (
				D07D19EE1A0E7A76006B36CC /* Sources */,
				D07D19EF1A0E7A76006B36CC /* Frameworks */,
				D07D19F01A0E7A76006B36CC /* Resources */,
			);
			buildRules = (
			);
			dependencies = (
				D07D19F41A0E7A76006B36CC /* PBXTargetDependency */,
			);
			name = ezTouchTests;
			productName = ezTouchTests;
			productReference = D07D19F21A0E7A76006B36CC /* ezTouchTests.xctest */;
			productType = "com.apple.product-type.bundle.unit-test";
		};
/* End PBXNativeTarget section */

/* Begin PBXProject section */
		D07D19D51A0E7A76006B36CC /* Project object */ = {
			isa = PBXProject;
			attributes = {
				LastUpgradeCheck = 0610;
				ORGANIZATIONNAME = "Josh Anatalio";
				TargetAttributes = {
					D07D19DC1A0E7A76006B36CC = {
						CreatedOnToolsVersion = 6.1;
					};
					D07D19F11A0E7A76006B36CC = {
						CreatedOnToolsVersion = 6.1;
						TestTargetID = D07D19DC1A0E7A76006B36CC;
					};
				};
			};
			buildConfigurationList = D07D19D81A0E7A76006B36CC /* Build configuration list for PBXProject "ezTouch" */;
			compatibilityVersion = "Xcode 3.2";
			developmentRegion = English;
			hasScannedForEncodings = 0;
			knownRegions = (
				en,
				Base,
			);
			mainGroup = D07D19D41A0E7A76006B36CC;
			productRefGroup = D07D19DE1A0E7A76006B36CC /* Products */;
			projectDirPath = "";
			projectRoot = "";
			targets = (
				D07D19DC1A0E7A76006B36CC /* ezTouch */,
				D07D19F11A0E7A76006B36CC /* ezTouchTests */,
			);
		};
/* End PBXProject section */

/* Begin PBXResourcesBuildPhase section */
		D07D19DB1A0E7A76006B36CC /* Resources */ = {
			isa = PBXResourcesBuildPhase;
			buildActionMask = 2147483647;
			files = (
				D07D19E81A0E7A76006B36CC /* Main.storyboard in Resources */,
				D07D19ED1A0E7A76006B36CC /* LaunchScreen.xib in Resources */,
				D00307441A0EB13C0049E621 /* CustomTableViewCell.xib in Resources */,
				D07D19EA1A0E7A76006B36CC /* Images.xcassets in Resources */,
			);
			runOnlyForDeploymentPostprocessing = 0;
		};
		D07D19F01A0E7A76006B36CC /* Resources */ = {
			isa = PBXResourcesBuildPhase;
			buildActionMask = 2147483647;
			files = (
			);
			runOnlyForDeploymentPostprocessing = 0;
		};
/* End PBXResourcesBuildPhase section */

/* Begin PBXSourcesBuildPhase section */
		D07D19D91A0E7A76006B36CC /* Sources */ = {
			isa = PBXSourcesBuildPhase;
			buildActionMask = 2147483647;
			files = (
				D07D19E51A0E7A76006B36CC /* ViewController.swift in Sources */,
				D07D19E31A0E7A76006B36CC /* AppDelegate.swift in Sources */,
			);
			runOnlyForDeploymentPostprocessing = 0;
		};
		D07D19EE1A0E7A76006B36CC /* Sources */ = {
			isa = PBXSourcesBuildPhase;
			buildActionMask = 2147483647;
			files = (
				D07D19F91A0E7A76006B36CC /* ezTouchTests.swift in Sources */,
			);
			runOnlyForDeploymentPostprocessing = 0;
		};
/* End PBXSourcesBuildPhase section */

/* Begin PBXTargetDependency section */
		D07D19F41A0E7A76006B36CC /* PBXTargetDependency */ = {
			isa = PBXTargetDependency;
			target = D07D19DC1A0E7A76006B36CC /* ezTouch */;
			targetProxy = D07D19F31A0E7A76006B36CC /* PBXContainerItemProxy */;
		};
/* End PBXTargetDependency section */

/* Begin PBXVariantGroup section */
		D07D19E61A0E7A76006B36CC /* Main.storyboard */ = {
			isa = PBXVariantGroup;
			children = (
				D07D19E71A0E7A76006B36CC /* Base */,
			);
			name = Main.storyboard;
			sourceTree = "<group>";
		};
		D07D19EB1A0E7A76006B36CC /* LaunchScreen.xib */ = {
			isa = PBXVariantGroup;
			children = (
				D07D19EC1A0E7A76006B36CC /* Base */,
			);
			name = LaunchScreen.xib;
			sourceTree = "<group>";
		};
/* End PBXVariantGroup section */

/* Begin XCBuildConfiguration section */
		D07D19FA1A0E7A76006B36CC /* Debug */ = {
			isa = XCBuildConfiguration;
			buildSettings = {
				ALWAYS_SEARCH_USER_PATHS = NO;
				CLANG_CXX_LANGUAGE_STANDARD = "gnu++0x";
				CLANG_CXX_LIBRARY = "libc++";
				CLANG_ENABLE_MODULES = YES;
				CLANG_ENABLE_OBJC_ARC = YES;
				CLANG_WARN_BOOL_CONVERSION = YES;
				CLANG_WARN_CONSTANT_CONVERSION = YES;
				CLANG_WARN_DIRECT_OBJC_ISA_USAGE = YES_ERROR;
				CLANG_WARN_EMPTY_BODY = YES;
				CLANG_WARN_ENUM_CONVERSION = YES;
				CLANG_WARN_INT_CONVERSION = YES;
				CLANG_WARN_OBJC_ROOT_CLASS = YES_ERROR;
				CLANG_WARN_UNREACHABLE_CODE = YES;
				CLANG_WARN__DUPLICATE_METHOD_MATCH = YES;
				"CODE_SIGN_IDENTITY[sdk=iphoneos*]" = "iPhone Developer";
				COPY_PHASE_STRIP = NO;
				ENABLE_STRICT_OBJC_MSGSEND = YES;
				GCC_C_LANGUAGE_STANDARD = gnu99;
				GCC_DYNAMIC_NO_PIC = NO;
				GCC_OPTIMIZATION_LEVEL = 0;
				GCC_PREPROCESSOR_DEFINITIONS = (
					"DEBUG=1",
					"$(inherited)",
				);
				GCC_SYMBOLS_PRIVATE_EXTERN = NO;
				GCC_WARN_64_TO_32_BIT_CONVERSION = YES;
				GCC_WARN_ABOUT_RETURN_TYPE = YES_ERROR;
				GCC_WARN_UNDECLARED_SELECTOR = YES;
				GCC_WARN_UNINITIALIZED_AUTOS = YES_AGGRESSIVE;
				GCC_WARN_UNUSED_FUNCTION = YES;
				GCC_WARN_UNUSED_VARIABLE = YES;
				IPHONEOS_DEPLOYMENT_TARGET = 8.1;
				MTL_ENABLE_DEBUG_INFO = YES;
				ONLY_ACTIVE_ARCH = YES;
				SDKROOT = iphoneos;
				SWIFT_OPTIMIZATION_LEVEL = "-Onone";
			};
			name = Debug;
		};
		D07D19FB1A0E7A76006B36CC /* Release */ = {
			isa = XCBuildConfiguration;
			buildSettings = {
				ALWAYS_SEARCH_USER_PATHS = NO;
				CLANG_CXX_LANGUAGE_STANDARD = "gnu++0x";
				CLANG_CXX_LIBRARY = "libc++";
				CLANG_ENABLE_MODULES = YES;
				CLANG_ENABLE_OBJC_ARC = YES;
				CLANG_WARN_BOOL_CONVERSION = YES;
				CLANG_WARN_CONSTANT_CONVERSION = YES;
				CLANG_WARN_DIRECT_OBJC_ISA_USAGE = YES_ERROR;
				CLANG_WARN_EMPTY_BODY = YES;
				CLANG_WARN_ENUM_CONVERSION = YES;
				CLANG_WARN_INT_CONVERSION = YES;
				CLANG_WARN_OBJC_ROOT_CLASS = YES_ERROR;
				CLANG_WARN_UNREACHABLE_CODE = YES;
				CLANG_WARN__DUPLICATE_METHOD_MATCH = YES;
				"CODE_SIGN_IDENTITY[sdk=iphoneos*]" = "iPhone Developer";
				COPY_PHASE_STRIP = YES;
				ENABLE_NS_ASSERTIONS = NO;
				ENABLE_STRICT_OBJC_MSGSEND = YES;
				GCC_C_LANGUAGE_STANDARD = gnu99;
				GCC_WARN_64_TO_32_BIT_CONVERSION = YES;
				GCC_WARN_ABOUT_RETURN_TYPE = YES_ERROR;
				GCC_WARN_UNDECLARED_SELECTOR = YES;
				GCC_WARN_UNINITIALIZED_AUTOS = YES_AGGRESSIVE;
				GCC_WARN_UNUSED_FUNCTION = YES;
				GCC_WARN_UNUSED_VARIABLE = YES;
				IPHONEOS_DEPLOYMENT_TARGET = 8.1;
				MTL_ENABLE_DEBUG_INFO = NO;
				SDKROOT = iphoneos;
				VALIDATE_PRODUCT = YES;
			};
			name = Release;
		};
		D07D19FD1A0E7A76006B36CC /* Debug */ = {
			isa = XCBuildConfiguration;
			buildSettings = {
				ASSETCATALOG_COMPILER_APPICON_NAME = AppIcon;
				INFOPLIST_FILE = ezTouch/Info.plist;
				LD_RUNPATH_SEARCH_PATHS = "$(inherited) @executable_path/Frameworks";
				PRODUCT_NAME = "$(TARGET_NAME)";
			};
			name = Debug;
		};
		D07D19FE1A0E7A76006B36CC /* Release */ = {
			isa = XCBuildConfiguration;
			buildSettings = {
				ASSETCATALOG_COMPILER_APPICON_NAME = AppIcon;
				INFOPLIST_FILE = ezTouch/Info.plist;
				LD_RUNPATH_SEARCH_PATHS = "$(inherited) @executable_path/Frameworks";
				PRODUCT_NAME = "$(TARGET_NAME)";
			};
			name = Release;
		};
		D07D1A001A0E7A76006B36CC /* Debug */ = {
			isa = XCBuildConfiguration;
			buildSettings = {
				BUNDLE_LOADER = "$(TEST_HOST)";
				FRAMEWORK_SEARCH_PATHS = (
					"$(SDKROOT)/Developer/Library/Frameworks",
					"$(inherited)",
				);
				GCC_PREPROCESSOR_DEFINITIONS = (
					"DEBUG=1",
					"$(inherited)",
				);
				INFOPLIST_FILE = ezTouchTests/Info.plist;
				LD_RUNPATH_SEARCH_PATHS = "$(inherited) @executable_path/Frameworks @loader_path/Frameworks";
				PRODUCT_NAME = "$(TARGET_NAME)";
				TEST_HOST = "$(BUILT_PRODUCTS_DIR)/ezTouch.app/ezTouch";
			};
			name = Debug;
		};
		D07D1A011A0E7A76006B36CC /* Release */ = {
			isa = XCBuildConfiguration;
			buildSettings = {
				BUNDLE_LOADER = "$(TEST_HOST)";
				FRAMEWORK_SEARCH_PATHS = (
					"$(SDKROOT)/Developer/Library/Frameworks",
					"$(inherited)",
				);
				INFOPLIST_FILE = ezTouchTests/Info.plist;
				LD_RUNPATH_SEARCH_PATHS = "$(inherited) @executable_path/Frameworks @loader_path/Frameworks";
				PRODUCT_NAME = "$(TARGET_NAME)";
				TEST_HOST = "$(BUILT_PRODUCTS_DIR)/ezTouch.app/ezTouch";
			};
			name = Release;
		};
/* End XCBuildConfiguration section */

/* Begin XCConfigurationList section */
		D07D19D81A0E7A76006B36CC /* Build configuration list for PBXProject "ezTouch" */ = {
			isa = XCConfigurationList;
			buildConfigurations = (
				D07D19FA1A0E7A76006B36CC /* Debug */,
				D07D19FB1A0E7A76006B36CC /* Release */,
			);
			defaultConfigurationIsVisible = 0;
			defaultConfigurationName = Release;
		};
		D07D19FC1A0E7A76006B36CC /* Build configuration list for PBXNativeTarget "ezTouch" */ = {
			isa = XCConfigurationList;
			buildConfigurations = (
				D07D19FD1A0E7A76006B36CC /* Debug */,
				D07D19FE1A0E7A76006B36CC /* Release */,
			);
			defaultConfigurationIsVisible = 0;
			defaultConfigurationName = Release;
		};
		D07D19FF1A0E7A76006B36CC /* Build configuration list for PBXNativeTarget "ezTouchTests" */ = {
			isa = XCConfigurationList;
			buildConfigurations = (
				D07D1A001A0E7A76006B36CC /* Debug */,
				D07D1A011A0E7A76006B36CC /* Release */,
			);
			defaultConfigurationIsVisible = 0;
			defaultConfigurationName = Release;
		};
/* End XCConfigurationList section */
	};
	rootObject = D07D19D51A0E7A76006B36CC /* Project object */;
}
